// !$*UTF8*$!
{
	archiveVersion = 1;
	classes = {
	};
	objectVersion = 46;
	objects = {

/* Begin PBXBuildFile section */
		84D2057E1F0069EF0095F1EA /* AppDelegate.swift in Sources */ = {isa = PBXBuildFile; fileRef = 84D2057D1F0069EF0095F1EA /* AppDelegate.swift */; };
		84D205801F0069EF0095F1EA /* ViewController.swift in Sources */ = {isa = PBXBuildFile; fileRef = 84D2057F1F0069EF0095F1EA /* ViewController.swift */; };
		84D205831F0069EF0095F1EA /* Main.storyboard in Resources */ = {isa = PBXBuildFile; fileRef = 84D205811F0069EF0095F1EA /* Main.storyboard */; };
		84D205851F0069EF0095F1EA /* Assets.xcassets in Resources */ = {isa = PBXBuildFile; fileRef = 84D205841F0069EF0095F1EA /* Assets.xcassets */; };
		84D205881F0069EF0095F1EA /* LaunchScreen.storyboard in Resources */ = {isa = PBXBuildFile; fileRef = 84D205861F0069EF0095F1EA /* LaunchScreen.storyboard */; };
		84D205A01F00715F0095F1EA /* FilterData.appex in Embed App Extensions */ = {isa = PBXBuildFile; fileRef = 84D205991F00715F0095F1EA /* FilterData.appex */; settings = {ATTRIBUTES = (RemoveHeadersOnCopy, ); }; };
		84D205A61F0071AC0095F1EA /* FilterData.swift in Sources */ = {isa = PBXBuildFile; fileRef = 84D205A51F0071AC0095F1EA /* FilterData.swift */; };
/* End PBXBuildFile section */

/* Begin PBXContainerItemProxy section */
		84D2059E1F00715F0095F1EA /* PBXContainerItemProxy */ = {
			isa = PBXContainerItemProxy;
			containerPortal = 84D205721F0069EF0095F1EA /* Project object */;
			proxyType = 1;
			remoteGlobalIDString = 84D205981F00715F0095F1EA;
			remoteInfo = FilterData;
		};
/* End PBXContainerItemProxy section */

/* Begin PBXCopyFilesBuildPhase section */
		84D205A41F00715F0095F1EA /* Embed App Extensions */ = {
			isa = PBXCopyFilesBuildPhase;
			buildActionMask = 2147483647;
			dstPath = "";
			dstSubfolderSpec = 13;
			files = (
				84D205A01F00715F0095F1EA /* FilterData.appex in Embed App Extensions */,
			);
			name = "Embed App Extensions";
			runOnlyForDeploymentPostprocessing = 0;
		};
/* End PBXCopyFilesBuildPhase section */

/* Begin PBXFileReference section */
		84D2057A1F0069EF0095F1EA /* HTTPLoggerPlayer.app */ = {isa = PBXFileReference; explicitFileType = wrapper.application; includeInIndex = 0; path = HTTPLoggerPlayer.app; sourceTree = BUILT_PRODUCTS_DIR; };
		84D2057D1F0069EF0095F1EA /* AppDelegate.swift */ = {isa = PBXFileReference; lastKnownFileType = sourcecode.swift; path = AppDelegate.swift; sourceTree = "<group>"; };
		84D2057F1F0069EF0095F1EA /* ViewController.swift */ = {isa = PBXFileReference; lastKnownFileType = sourcecode.swift; path = ViewController.swift; sourceTree = "<group>"; };
		84D205821F0069EF0095F1EA /* Base */ = {isa = PBXFileReference; lastKnownFileType = file.storyboard; name = Base; path = Base.lproj/Main.storyboard; sourceTree = "<group>"; };
		84D205841F0069EF0095F1EA /* Assets.xcassets */ = {isa = PBXFileReference; lastKnownFileType = folder.assetcatalog; path = Assets.xcassets; sourceTree = "<group>"; };
		84D205871F0069EF0095F1EA /* Base */ = {isa = PBXFileReference; lastKnownFileType = file.storyboard; name = Base; path = Base.lproj/LaunchScreen.storyboard; sourceTree = "<group>"; };
		84D205891F0069EF0095F1EA /* Info.plist */ = {isa = PBXFileReference; lastKnownFileType = text.plist.xml; path = Info.plist; sourceTree = "<group>"; };
		84D205991F00715F0095F1EA /* FilterData.appex */ = {isa = PBXFileReference; explicitFileType = "wrapper.app-extension"; includeInIndex = 0; path = FilterData.appex; sourceTree = BUILT_PRODUCTS_DIR; };
		84D2059D1F00715F0095F1EA /* Info.plist */ = {isa = PBXFileReference; lastKnownFileType = text.plist.xml; path = Info.plist; sourceTree = "<group>"; };
		84D205A51F0071AC0095F1EA /* FilterData.swift */ = {isa = PBXFileReference; fileEncoding = 4; lastKnownFileType = sourcecode.swift; path = FilterData.swift; sourceTree = "<group>"; };
/* End PBXFileReference section */

/* Begin PBXFrameworksBuildPhase section */
		84D205771F0069EF0095F1EA /* Frameworks */ = {
			isa = PBXFrameworksBuildPhase;
			buildActionMask = 2147483647;
			files = (
			);
			runOnlyForDeploymentPostprocessing = 0;
		};
		84D205961F00715F0095F1EA /* Frameworks */ = {
			isa = PBXFrameworksBuildPhase;
			buildActionMask = 2147483647;
			files = (
			);
			runOnlyForDeploymentPostprocessing = 0;
		};
/* End PBXFrameworksBuildPhase section */

/* Begin PBXGroup section */
		84D205711F0069EF0095F1EA = {
			isa = PBXGroup;
			children = (
				84D2057C1F0069EF0095F1EA /* HTTPLoggerPlayer */,
				84D2059A1F00715F0095F1EA /* FilterData */,
				84D2057B1F0069EF0095F1EA /* Products */,
			);
			sourceTree = "<group>";
		};
		84D2057B1F0069EF0095F1EA /* Products */ = {
			isa = PBXGroup;
			children = (
				84D2057A1F0069EF0095F1EA /* HTTPLoggerPlayer.app */,
				84D205991F00715F0095F1EA /* FilterData.appex */,
			);
			name = Products;
			sourceTree = "<group>";
		};
		84D2057C1F0069EF0095F1EA /* HTTPLoggerPlayer */ = {
			isa = PBXGroup;
			children = (
				84D2057D1F0069EF0095F1EA /* AppDelegate.swift */,
				84D2057F1F0069EF0095F1EA /* ViewController.swift */,
				84D205811F0069EF0095F1EA /* Main.storyboard */,
				84D205841F0069EF0095F1EA /* Assets.xcassets */,
				84D205861F0069EF0095F1EA /* LaunchScreen.storyboard */,
				84D205891F0069EF0095F1EA /* Info.plist */,
			);
			path = HTTPLoggerPlayer;
			sourceTree = "<group>";
		};
		84D2059A1F00715F0095F1EA /* FilterData */ = {
			isa = PBXGroup;
			children = (
				84D205A51F0071AC0095F1EA /* FilterData.swift */,
				84D2059D1F00715F0095F1EA /* Info.plist */,
			);
			path = FilterData;
			sourceTree = "<group>";
		};
/* End PBXGroup section */

/* Begin PBXNativeTarget section */
		84D205791F0069EF0095F1EA /* HTTPLoggerPlayer */ = {
			isa = PBXNativeTarget;
			buildConfigurationList = 84D2058C1F0069EF0095F1EA /* Build configuration list for PBXNativeTarget "HTTPLoggerPlayer" */;
			buildPhases = (
				84D205761F0069EF0095F1EA /* Sources */,
				84D205771F0069EF0095F1EA /* Frameworks */,
				84D205781F0069EF0095F1EA /* Resources */,
				84D205A41F00715F0095F1EA /* Embed App Extensions */,
			);
			buildRules = (
			);
			dependencies = (
				84D2059F1F00715F0095F1EA /* PBXTargetDependency */,
			);
			name = HTTPLoggerPlayer;
			productName = HTTPLoggerPlayer;
			productReference = 84D2057A1F0069EF0095F1EA /* HTTPLoggerPlayer.app */;
			productType = "com.apple.product-type.application";
		};
		84D205981F00715F0095F1EA /* FilterData */ = {
			isa = PBXNativeTarget;
			buildConfigurationList = 84D205A31F00715F0095F1EA /* Build configuration list for PBXNativeTarget "FilterData" */;
			buildPhases = (
				84D205951F00715F0095F1EA /* Sources */,
				84D205961F00715F0095F1EA /* Frameworks */,
				84D205971F00715F0095F1EA /* Resources */,
			);
			buildRules = (
			);
			dependencies = (
			);
			name = FilterData;
			productName = FilterData;
			productReference = 84D205991F00715F0095F1EA /* FilterData.appex */;
			productType = "com.apple.product-type.app-extension";
		};
/* End PBXNativeTarget section */

/* Begin PBXProject section */
		84D205721F0069EF0095F1EA /* Project object */ = {
			isa = PBXProject;
			attributes = {
				LastSwiftUpdateCheck = 0830;
				LastUpgradeCheck = 0830;
				ORGANIZATIONNAME = DevSK;
				TargetAttributes = {
					84D205791F0069EF0095F1EA = {
						CreatedOnToolsVersion = 8.3.3;
						ProvisioningStyle = Automatic;
					};
					84D205981F00715F0095F1EA = {
						CreatedOnToolsVersion = 8.3.3;
						ProvisioningStyle = Automatic;
					};
				};
			};
			buildConfigurationList = 84D205751F0069EF0095F1EA /* Build configuration list for PBXProject "HTTPLoggerPlayer" */;
			compatibilityVersion = "Xcode 3.2";
			developmentRegion = English;
			hasScannedForEncodings = 0;
			knownRegions = (
				en,
				Base,
			);
			mainGroup = 84D205711F0069EF0095F1EA;
			productRefGroup = 84D2057B1F0069EF0095F1EA /* Products */;
			projectDirPath = "";
			projectRoot = "";
			targets = (
				84D205791F0069EF0095F1EA /* HTTPLoggerPlayer */,
				84D205981F00715F0095F1EA /* FilterData */,
			);
		};
/* End PBXProject section */

/* Begin PBXResourcesBuildPhase section */
		84D205781F0069EF0095F1EA /* Resources */ = {
			isa = PBXResourcesBuildPhase;
			buildActionMask = 2147483647;
			files = (
				84D205881F0069EF0095F1EA /* LaunchScreen.storyboard in Resources */,
				84D205851F0069EF0095F1EA /* Assets.xcassets in Resources */,
				84D205831F0069EF0095F1EA /* Main.storyboard in Resources */,
			);
			runOnlyForDeploymentPostprocessing = 0;
		};
		84D205971F00715F0095F1EA /* Resources */ = {
			isa = PBXResourcesBuildPhase;
			buildActionMask = 2147483647;
			files = (
			);
			runOnlyForDeploymentPostprocessing = 0;
		};
/* End PBXResourcesBuildPhase section */

/* Begin PBXSourcesBuildPhase section */
		84D205761F0069EF0095F1EA /* Sources */ = {
			isa = PBXSourcesBuildPhase;
			buildActionMask = 2147483647;
			files = (
				84D205801F0069EF0095F1EA /* ViewController.swift in Sources */,
				84D2057E1F0069EF0095F1EA /* AppDelegate.swift in Sources */,
			);
			runOnlyForDeploymentPostprocessing = 0;
		};
		84D205951F00715F0095F1EA /* Sources */ = {
			isa = PBXSourcesBuildPhase;
			buildActionMask = 2147483647;
			files = (
				84D205A61F0071AC0095F1EA /* FilterData.swift in Sources */,
			);
			runOnlyForDeploymentPostprocessing = 0;
		};
/* End PBXSourcesBuildPhase section */

/* Begin PBXTargetDependency section */
		84D2059F1F00715F0095F1EA /* PBXTargetDependency */ = {
			isa = PBXTargetDependency;
			target = 84D205981F00715F0095F1EA /* FilterData */;
			targetProxy = 84D2059E1F00715F0095F1EA /* PBXContainerItemProxy */;
		};
/* End PBXTargetDependency section */

/* Begin PBXVariantGroup section */
		84D205811F0069EF0095F1EA /* Main.storyboard */ = {
			isa = PBXVariantGroup;
			children = (
				84D205821F0069EF0095F1EA /* Base */,
			);
			name = Main.storyboard;
			sourceTree = "<group>";
		};
		84D205861F0069EF0095F1EA /* LaunchScreen.storyboard */ = {
			isa = PBXVariantGroup;
			children = (
				84D205871F0069EF0095F1EA /* Base */,
			);
			name = LaunchScreen.storyboard;
			sourceTree = "<group>";
		};
/* End PBXVariantGroup section */

/* Begin XCBuildConfiguration section */
		84D2058A1F0069EF0095F1EA /* Debug */ = {
			isa = XCBuildConfiguration;
			buildSettings = {
				ALWAYS_SEARCH_USER_PATHS = NO;
				CLANG_ANALYZER_NONNULL = YES;
				CLANG_ANALYZER_NUMBER_OBJECT_CONVERSION = YES_AGGRESSIVE;
				CLANG_CXX_LANGUAGE_STANDARD = "gnu++0x";
				CLANG_CXX_LIBRARY = "libc++";
				CLANG_ENABLE_MODULES = YES;
				CLANG_ENABLE_OBJC_ARC = YES;
				CLANG_WARN_BOOL_CONVERSION = YES;
				CLANG_WARN_CONSTANT_CONVERSION = YES;
				CLANG_WARN_DIRECT_OBJC_ISA_USAGE = YES_ERROR;
				CLANG_WARN_DOCUMENTATION_COMMENTS = YES;
				CLANG_WARN_EMPTY_BODY = YES;
				CLANG_WARN_ENUM_CONVERSION = YES;
				CLANG_WARN_INFINITE_RECURSION = YES;
				CLANG_WARN_INT_CONVERSION = YES;
				CLANG_WARN_OBJC_ROOT_CLASS = YES_ERROR;
				CLANG_WARN_SUSPICIOUS_MOVE = YES;
				CLANG_WARN_UNREACHABLE_CODE = YES;
				CLANG_WARN__DUPLICATE_METHOD_MATCH = YES;
				"CODE_SIGN_IDENTITY[sdk=iphoneos*]" = "iPhone Developer";
				COPY_PHASE_STRIP = NO;
				DEBUG_INFORMATION_FORMAT = dwarf;
				ENABLE_STRICT_OBJC_MSGSEND = YES;
				ENABLE_TESTABILITY = YES;
				GCC_C_LANGUAGE_STANDARD = gnu99;
				GCC_DYNAMIC_NO_PIC = NO;
				GCC_NO_COMMON_BLOCKS = YES;
				GCC_OPTIMIZATION_LEVEL = 0;
				GCC_PREPROCESSOR_DEFINITIONS = (
					"DEBUG=1",
					"$(inherited)",
				);
				GCC_WARN_64_TO_32_BIT_CONVERSION = YES;
				GCC_WARN_ABOUT_RETURN_TYPE = YES_ERROR;
				GCC_WARN_UNDECLARED_SELECTOR = YES;
				GCC_WARN_UNINITIALIZED_AUTOS = YES_AGGRESSIVE;
				GCC_WARN_UNUSED_FUNCTION = YES;
				GCC_WARN_UNUSED_VARIABLE = YES;
				IPHONEOS_DEPLOYMENT_TARGET = 10.3;
				MTL_ENABLE_DEBUG_INFO = YES;
				ONLY_ACTIVE_ARCH = YES;
				SDKROOT = iphoneos;
				SWIFT_ACTIVE_COMPILATION_CONDITIONS = DEBUG;
				SWIFT_OPTIMIZATION_LEVEL = "-Onone";
				TARGETED_DEVICE_FAMILY = "1,2";
			};
			name = Debug;
		};
		84D2058B1F0069EF0095F1EA /* Release */ = {
			isa = XCBuildConfiguration;
			buildSettings = {
				ALWAYS_SEARCH_USER_PATHS = NO;
				CLANG_ANALYZER_NONNULL = YES;
				CLANG_ANALYZER_NUMBER_OBJECT_CONVERSION = YES_AGGRESSIVE;
				CLANG_CXX_LANGUAGE_STANDARD = "gnu++0x";
				CLANG_CXX_LIBRARY = "libc++";
				CLANG_ENABLE_MODULES = YES;
				CLANG_ENABLE_OBJC_ARC = YES;
				CLANG_WARN_BOOL_CONVERSION = YES;
				CLANG_WARN_CONSTANT_CONVERSION = YES;
				CLANG_WARN_DIRECT_OBJC_ISA_USAGE = YES_ERROR;
				CLANG_WARN_DOCUMENTATION_COMMENTS = YES;
				CLANG_WARN_EMPTY_BODY = YES;
				CLANG_WARN_ENUM_CONVERSION = YES;
				CLANG_WARN_INFINITE_RECURSION = YES;
				CLANG_WARN_INT_CONVERSION = YES;
				CLANG_WARN_OBJC_ROOT_CLASS = YES_ERROR;
				CLANG_WARN_SUSPICIOUS_MOVE = YES;
				CLANG_WARN_UNREACHABLE_CODE = YES;
				CLANG_WARN__DUPLICATE_METHOD_MATCH = YES;
				"CODE_SIGN_IDENTITY[sdk=iphoneos*]" = "iPhone Developer";
				COPY_PHASE_STRIP = NO;
				DEBUG_INFORMATION_FORMAT = "dwarf-with-dsym";
				ENABLE_NS_ASSERTIONS = NO;
				ENABLE_STRICT_OBJC_MSGSEND = YES;
				GCC_C_LANGUAGE_STANDARD = gnu99;
				GCC_NO_COMMON_BLOCKS = YES;
				GCC_WARN_64_TO_32_BIT_CONVERSION = YES;
				GCC_WARN_ABOUT_RETURN_TYPE = YES_ERROR;
				GCC_WARN_UNDECLARED_SELECTOR = YES;
				GCC_WARN_UNINITIALIZED_AUTOS = YES_AGGRESSIVE;
				GCC_WARN_UNUSED_FUNCTION = YES;
				GCC_WARN_UNUSED_VARIABLE = YES;
				IPHONEOS_DEPLOYMENT_TARGET = 10.3;
				MTL_ENABLE_DEBUG_INFO = NO;
				SDKROOT = iphoneos;
				SWIFT_OPTIMIZATION_LEVEL = "-Owholemodule";
				TARGETED_DEVICE_FAMILY = "1,2";
				VALIDATE_PRODUCT = YES;
			};
			name = Release;
		};
		84D2058D1F0069EF0095F1EA /* Debug */ = {
			isa = XCBuildConfiguration;
			buildSettings = {
				ALWAYS_EMBED_SWIFT_STANDARD_LIBRARIES = YES;
				ASSETCATALOG_COMPILER_APPICON_NAME = AppIcon;
				INFOPLIST_FILE = HTTPLoggerPlayer/Info.plist;
				LD_RUNPATH_SEARCH_PATHS = "$(inherited) @executable_path/Frameworks";
				PRODUCT_BUNDLE_IDENTIFIER = com.devsk.HTTPLoggerPlayer;
				PRODUCT_NAME = "$(TARGET_NAME)";
				SWIFT_VERSION = 3.0;
			};
			name = Debug;
		};
		84D2058E1F0069EF0095F1EA /* Release */ = {
			isa = XCBuildConfiguration;
			buildSettings = {
				ALWAYS_EMBED_SWIFT_STANDARD_LIBRARIES = YES;
				ASSETCATALOG_COMPILER_APPICON_NAME = AppIcon;
				INFOPLIST_FILE = HTTPLoggerPlayer/Info.plist;
				LD_RUNPATH_SEARCH_PATHS = "$(inherited) @executable_path/Frameworks";
				PRODUCT_BUNDLE_IDENTIFIER = com.devsk.HTTPLoggerPlayer;
				PRODUCT_NAME = "$(TARGET_NAME)";
				SWIFT_VERSION = 3.0;
			};
			name = Release;
		};
		84D205A11F00715F0095F1EA /* Debug */ = {
			isa = XCBuildConfiguration;
			buildSettings = {
				INFOPLIST_FILE = FilterData/Info.plist;
				LD_RUNPATH_SEARCH_PATHS = "$(inherited) @executable_path/Frameworks @executable_path/../../Frameworks";
				PRODUCT_BUNDLE_IDENTIFIER = com.devsk.HTTPLoggerPlayer.FilterData;
				PRODUCT_NAME = "$(TARGET_NAME)";
				SKIP_INSTALL = YES;
				SWIFT_VERSION = 3.0;
			};
			name = Debug;
		};
		84D205A21F00715F0095F1EA /* Release */ = {
			isa = XCBuildConfiguration;
			buildSettings = {
				INFOPLIST_FILE = FilterData/Info.plist;
				LD_RUNPATH_SEARCH_PATHS = "$(inherited) @executable_path/Frameworks @executable_path/../../Frameworks";
				PRODUCT_BUNDLE_IDENTIFIER = com.devsk.HTTPLoggerPlayer.FilterData;
				PRODUCT_NAME = "$(TARGET_NAME)";
				SKIP_INSTALL = YES;
				SWIFT_VERSION = 3.0;
			};
			name = Release;
		};
/* End XCBuildConfiguration section */

/* Begin XCConfigurationList section */
		84D205751F0069EF0095F1EA /* Build configuration list for PBXProject "HTTPLoggerPlayer" */ = {
			isa = XCConfigurationList;
			buildConfigurations = (
				84D2058A1F0069EF0095F1EA /* Debug */,
				84D2058B1F0069EF0095F1EA /* Release */,
			);
			defaultConfigurationIsVisible = 0;
			defaultConfigurationName = Release;
		};
		84D2058C1F0069EF0095F1EA /* Build configuration list for PBXNativeTarget "HTTPLoggerPlayer" */ = {
			isa = XCConfigurationList;
			buildConfigurations = (
				84D2058D1F0069EF0095F1EA /* Debug */,
				84D2058E1F0069EF0095F1EA /* Release */,
			);
			defaultConfigurationIsVisible = 0;
			defaultConfigurationName = Release;
		};
		84D205A31F00715F0095F1EA /* Build configuration list for PBXNativeTarget "FilterData" */ = {
			isa = XCConfigurationList;
			buildConfigurations = (
				84D205A11F00715F0095F1EA /* Debug */,
				84D205A21F00715F0095F1EA /* Release */,
			);
			defaultConfigurationIsVisible = 0;
		};
/* End XCConfigurationList section */
	};
	rootObject = 84D205721F0069EF0095F1EA /* Project object */;
}
